{
	"name": "@csod-oss/tracker",
	"version": "0.3.8",
	"lockfileVersion": 1,
	"requires": true,
	"dependencies": {
		"prettier": {
			"version": "1.12.1",
			"resolved": "http://ci-master:4873/prettier/-/prettier-1.12.1.tgz",
			"integrity": "sha1-wa0g6APndJ+vkFpAnSNn4Gu+cyU=",
			"dev": true
		}
	}
}
